// !$*UTF8*$!
{
	archiveVersion = 1;
	classes = {
	};
	objectVersion = 48;
	objects = {

/* Begin PBXBuildFile section */
		0126FC6B20D7F47A00D8364F /* YLCustomLayout.m in Sources */ = {isa = PBXBuildFile; fileRef = 0126FC6A20D7F47A00D8364F /* YLCustomLayout.m */; };
		017A340720B6ED40003DB65B /* UIView+XWAddForRoundedCorner.m in Sources */ = {isa = PBXBuildFile; fileRef = 017A340620B6ED40003DB65B /* UIView+XWAddForRoundedCorner.m */; };
		05C921F424AD79880EAAC953 /* libPods-OC-YL.a in Frameworks */ = {isa = PBXBuildFile; fileRef = 520BE226D338F62B0EDF286D /* libPods-OC-YL.a */; };
		777B629020E5D0930042CD98 /* YLViewController.m in Sources */ = {isa = PBXBuildFile; fileRef = 777B628F20E5D0930042CD98 /* YLViewController.m */; };
		777B629820E5D60E0042CD98 /* WKWebView+YLLoad.m in Sources */ = {isa = PBXBuildFile; fileRef = 777B629720E5D60E0042CD98 /* WKWebView+YLLoad.m */; };
		777B629B20E5FD2F0042CD98 /* UIButton+YLIndicator.m in Sources */ = {isa = PBXBuildFile; fileRef = 777B629A20E5FD2F0042CD98 /* UIButton+YLIndicator.m */; };
		77ACD1B320A5D7DC003EFC78 /* ZLCollectionViewFlowLayout.m in Sources */ = {isa = PBXBuildFile; fileRef = 77ACD1B220A5D7DC003EFC78 /* ZLCollectionViewFlowLayout.m */; };
		77ADA90A20BBAA7200DFF66C /* YHWaterFlowLayout.m in Sources */ = {isa = PBXBuildFile; fileRef = 77ADA8E420BBAA7200DFF66C /* YHWaterFlowLayout.m */; };
		77ADA90B20BBAA7200DFF66C /* YLHUDManager.m in Sources */ = {isa = PBXBuildFile; fileRef = 77ADA8E720BBAA7200DFF66C /* YLHUDManager.m */; };
		77ADA90C20BBAA7200DFF66C /* YLPlaceHolderTextView.m in Sources */ = {isa = PBXBuildFile; fileRef = 77ADA8EA20BBAA7200DFF66C /* YLPlaceHolderTextView.m */; };
		77ADA90D20BBAA7200DFF66C /* YLUI.m in Sources */ = {isa = PBXBuildFile; fileRef = 77ADA8ED20BBAA7200DFF66C /* YLUI.m */; };
		77BDFAAF20C7F35A00F6BA79 /* NSDate+YLUtilities.m in Sources */ = {isa = PBXBuildFile; fileRef = 77BDFA6620C7F35A00F6BA79 /* NSDate+YLUtilities.m */; };
		77BDFAB020C7F35A00F6BA79 /* NSObject+YLAppInfo.m in Sources */ = {isa = PBXBuildFile; fileRef = 77BDFA6920C7F35A00F6BA79 /* NSObject+YLAppInfo.m */; };
		77BDFAB120C7F35A00F6BA79 /* NSObject+YLGCD.m in Sources */ = {isa = PBXBuildFile; fileRef = 77BDFA6B20C7F35A00F6BA79 /* NSObject+YLGCD.m */; };
		77BDFAB220C7F35A00F6BA79 /* NSObject+YLKVOBlocks.m in Sources */ = {isa = PBXBuildFile; fileRef = 77BDFA6D20C7F35A00F6BA79 /* NSObject+YLKVOBlocks.m */; };
		77BDFAB320C7F35A00F6BA79 /* NSObject+YLReflection.m in Sources */ = {isa = PBXBuildFile; fileRef = 77BDFA6F20C7F35A00F6BA79 /* NSObject+YLReflection.m */; };
		77BDFAB420C7F35A00F6BA79 /* NSObject+YLRuntime.m in Sources */ = {isa = PBXBuildFile; fileRef = 77BDFA7120C7F35A00F6BA79 /* NSObject+YLRuntime.m */; };
		77BDFAB520C7F35A00F6BA79 /* NSString+YLContains.m in Sources */ = {isa = PBXBuildFile; fileRef = 77BDFA7420C7F35A00F6BA79 /* NSString+YLContains.m */; };
		77BDFAB620C7F35A00F6BA79 /* NSString+YLHash.m in Sources */ = {isa = PBXBuildFile; fileRef = 77BDFA7620C7F35A00F6BA79 /* NSString+YLHash.m */; };
		77BDFAB720C7F35A00F6BA79 /* NSString+YLSize.m in Sources */ = {isa = PBXBuildFile; fileRef = 77BDFA7820C7F35A00F6BA79 /* NSString+YLSize.m */; };
		77BDFAB820C7F35A00F6BA79 /* NSString+YLURLCode.m in Sources */ = {isa = PBXBuildFile; fileRef = 77BDFA7A20C7F35A00F6BA79 /* NSString+YLURLCode.m */; };
		77BDFAB920C7F35A00F6BA79 /* NSTimer+YLBlocks.m in Sources */ = {isa = PBXBuildFile; fileRef = 77BDFA7D20C7F35A00F6BA79 /* NSTimer+YLBlocks.m */; };
		77BDFABA20C7F35A00F6BA79 /* UIApplication+YLSandBoxPath.m in Sources */ = {isa = PBXBuildFile; fileRef = 77BDFA8220C7F35A00F6BA79 /* UIApplication+YLSandBoxPath.m */; };
		77BDFABB20C7F35A00F6BA79 /* UIButton+YLTouchAreaInsets.m in Sources */ = {isa = PBXBuildFile; fileRef = 77BDFA8520C7F35A00F6BA79 /* UIButton+YLTouchAreaInsets.m */; };
		77BDFABC20C7F35A00F6BA79 /* UIColor+YLHEX.m in Sources */ = {isa = PBXBuildFile; fileRef = 77BDFA8820C7F35A00F6BA79 /* UIColor+YLHEX.m */; };
		77BDFABD20C7F35A00F6BA79 /* UIControl+YLBlock.m in Sources */ = {isa = PBXBuildFile; fileRef = 77BDFA8B20C7F35A00F6BA79 /* UIControl+YLBlock.m */; };
		77BDFABE20C7F35A00F6BA79 /* UILabel+YLContentInsets.m in Sources */ = {isa = PBXBuildFile; fileRef = 77BDFA8E20C7F35A00F6BA79 /* UILabel+YLContentInsets.m */; };
		77BDFABF20C7F35A00F6BA79 /* UIScrollView+YLAddition.m in Sources */ = {isa = PBXBuildFile; fileRef = 77BDFA9120C7F35A00F6BA79 /* UIScrollView+YLAddition.m */; };
		77BDFAC020C7F35A00F6BA79 /* UITextField+YLInputLimit.m in Sources */ = {isa = PBXBuildFile; fileRef = 77BDFA9420C7F35A00F6BA79 /* UITextField+YLInputLimit.m */; };
		77BDFAC120C7F35A00F6BA79 /* UITextView+YLInputLimit.m in Sources */ = {isa = PBXBuildFile; fileRef = 77BDFA9720C7F35A00F6BA79 /* UITextView+YLInputLimit.m */; };
		77BDFAC220C7F35A00F6BA79 /* UIView+YLBlockGesture.m in Sources */ = {isa = PBXBuildFile; fileRef = 77BDFA9A20C7F35A00F6BA79 /* UIView+YLBlockGesture.m */; };
		77BDFAC320C7F35A00F6BA79 /* UIView+YLFind.m in Sources */ = {isa = PBXBuildFile; fileRef = 77BDFA9C20C7F35A00F6BA79 /* UIView+YLFind.m */; };
		77BDFAC420C7F35A00F6BA79 /* UIView+YLFrame.m in Sources */ = {isa = PBXBuildFile; fileRef = 77BDFA9E20C7F35A00F6BA79 /* UIView+YLFrame.m */; };
		77BDFAC520C7F35A00F6BA79 /* UIView+YLNIB.m in Sources */ = {isa = PBXBuildFile; fileRef = 77BDFAA020C7F35A00F6BA79 /* UIView+YLNIB.m */; };
		77BDFAC620C7F35A00F6BA79 /* UIView+YLScreenshot.m in Sources */ = {isa = PBXBuildFile; fileRef = 77BDFAA220C7F35A00F6BA79 /* UIView+YLScreenshot.m */; };
		77BDFAC720C7F35A00F6BA79 /* UIView+YLVisuals.m in Sources */ = {isa = PBXBuildFile; fileRef = 77BDFAA420C7F35A00F6BA79 /* UIView+YLVisuals.m */; };
		77BDFAC820C7F35A00F6BA79 /* UIViewController+YLStoreKit.m in Sources */ = {isa = PBXBuildFile; fileRef = 77BDFAA720C7F35A00F6BA79 /* UIViewController+YLStoreKit.m */; };
		77BDFAC920C7F35A00F6BA79 /* UIViewController+YLVisible.m in Sources */ = {isa = PBXBuildFile; fileRef = 77BDFAA920C7F35A00F6BA79 /* UIViewController+YLVisible.m */; };
		77BDFACA20C7F35A00F6BA79 /* UIWindow+YLHierarchy.m in Sources */ = {isa = PBXBuildFile; fileRef = 77BDFAAC20C7F35A00F6BA79 /* UIWindow+YLHierarchy.m */; };
		77E1490E202ADC510011D4FD /* AppDelegate.m in Sources */ = {isa = PBXBuildFile; fileRef = 77E1490D202ADC510011D4FD /* AppDelegate.m */; };
		77E14911202ADC510011D4FD /* ViewController.m in Sources */ = {isa = PBXBuildFile; fileRef = 77E14910202ADC510011D4FD /* ViewController.m */; };
		77E14914202ADC510011D4FD /* Main.storyboard in Resources */ = {isa = PBXBuildFile; fileRef = 77E14912202ADC510011D4FD /* Main.storyboard */; };
		77E14916202ADC510011D4FD /* Assets.xcassets in Resources */ = {isa = PBXBuildFile; fileRef = 77E14915202ADC510011D4FD /* Assets.xcassets */; };
		77E14919202ADC510011D4FD /* LaunchScreen.storyboard in Resources */ = {isa = PBXBuildFile; fileRef = 77E14917202ADC510011D4FD /* LaunchScreen.storyboard */; };
		77E1491C202ADC510011D4FD /* main.m in Sources */ = {isa = PBXBuildFile; fileRef = 77E1491B202ADC510011D4FD /* main.m */; };
/* End PBXBuildFile section */

/* Begin PBXFileReference section */
		0126FC6920D7F47A00D8364F /* YLCustomLayout.h */ = {isa = PBXFileReference; fileEncoding = 4; lastKnownFileType = sourcecode.c.h; path = YLCustomLayout.h; sourceTree = "<group>"; };
		0126FC6A20D7F47A00D8364F /* YLCustomLayout.m */ = {isa = PBXFileReference; fileEncoding = 4; lastKnownFileType = sourcecode.c.objc; path = YLCustomLayout.m; sourceTree = "<group>"; };
		017A340520B6ED40003DB65B /* UIView+XWAddForRoundedCorner.h */ = {isa = PBXFileReference; fileEncoding = 4; lastKnownFileType = sourcecode.c.h; path = "UIView+XWAddForRoundedCorner.h"; sourceTree = "<group>"; };
		017A340620B6ED40003DB65B /* UIView+XWAddForRoundedCorner.m */ = {isa = PBXFileReference; fileEncoding = 4; lastKnownFileType = sourcecode.c.objc; path = "UIView+XWAddForRoundedCorner.m"; sourceTree = "<group>"; };
		23168B0D4A4E80A7C16F6A84 /* Pods-OC-YL.debug.xcconfig */ = {isa = PBXFileReference; includeInIndex = 1; lastKnownFileType = text.xcconfig; name = "Pods-OC-YL.debug.xcconfig"; path = "Pods/Target Support Files/Pods-OC-YL/Pods-OC-YL.debug.xcconfig"; sourceTree = "<group>"; };
		520BE226D338F62B0EDF286D /* libPods-OC-YL.a */ = {isa = PBXFileReference; explicitFileType = archive.ar; includeInIndex = 0; path = "libPods-OC-YL.a"; sourceTree = BUILT_PRODUCTS_DIR; };
		777B628E20E5D0930042CD98 /* YLViewController.h */ = {isa = PBXFileReference; lastKnownFileType = sourcecode.c.h; path = YLViewController.h; sourceTree = "<group>"; };
		777B628F20E5D0930042CD98 /* YLViewController.m */ = {isa = PBXFileReference; lastKnownFileType = sourcecode.c.objc; path = YLViewController.m; sourceTree = "<group>"; };
		777B629620E5D60E0042CD98 /* WKWebView+YLLoad.h */ = {isa = PBXFileReference; lastKnownFileType = sourcecode.c.h; path = "WKWebView+YLLoad.h"; sourceTree = "<group>"; };
		777B629720E5D60E0042CD98 /* WKWebView+YLLoad.m */ = {isa = PBXFileReference; lastKnownFileType = sourcecode.c.objc; path = "WKWebView+YLLoad.m"; sourceTree = "<group>"; };
		777B629920E5FD2F0042CD98 /* UIButton+YLIndicator.h */ = {isa = PBXFileReference; lastKnownFileType = sourcecode.c.h; path = "UIButton+YLIndicator.h"; sourceTree = "<group>"; };
		777B629A20E5FD2F0042CD98 /* UIButton+YLIndicator.m */ = {isa = PBXFileReference; lastKnownFileType = sourcecode.c.objc; path = "UIButton+YLIndicator.m"; sourceTree = "<group>"; };
		77ACD1B120A5D7DC003EFC78 /* ZLCollectionViewFlowLayout.h */ = {isa = PBXFileReference; fileEncoding = 4; lastKnownFileType = sourcecode.c.h; path = ZLCollectionViewFlowLayout.h; sourceTree = "<group>"; };
		77ACD1B220A5D7DC003EFC78 /* ZLCollectionViewFlowLayout.m */ = {isa = PBXFileReference; fileEncoding = 4; lastKnownFileType = sourcecode.c.objc; path = ZLCollectionViewFlowLayout.m; sourceTree = "<group>"; };
		77ADA8DE20BBAA7200DFF66C /* YLImport.h */ = {isa = PBXFileReference; fileEncoding = 4; lastKnownFileType = sourcecode.c.h; path = YLImport.h; sourceTree = "<group>"; };
		77ADA8E020BBAA7200DFF66C /* YLMacroDefine.h */ = {isa = PBXFileReference; fileEncoding = 4; lastKnownFileType = sourcecode.c.h; path = YLMacroDefine.h; sourceTree = "<group>"; };
		77ADA8E320BBAA7200DFF66C /* YHWaterFlowLayout.h */ = {isa = PBXFileReference; fileEncoding = 4; lastKnownFileType = sourcecode.c.h; path = YHWaterFlowLayout.h; sourceTree = "<group>"; };
		77ADA8E420BBAA7200DFF66C /* YHWaterFlowLayout.m */ = {isa = PBXFileReference; fileEncoding = 4; lastKnownFileType = sourcecode.c.objc; path = YHWaterFlowLayout.m; sourceTree = "<group>"; };
		77ADA8E620BBAA7200DFF66C /* YLHUDManager.h */ = {isa = PBXFileReference; fileEncoding = 4; lastKnownFileType = sourcecode.c.h; path = YLHUDManager.h; sourceTree = "<group>"; };
		77ADA8E720BBAA7200DFF66C /* YLHUDManager.m */ = {isa = PBXFileReference; fileEncoding = 4; lastKnownFileType = sourcecode.c.objc; path = YLHUDManager.m; sourceTree = "<group>"; };
		77ADA8E920BBAA7200DFF66C /* YLPlaceHolderTextView.h */ = {isa = PBXFileReference; fileEncoding = 4; lastKnownFileType = sourcecode.c.h; path = YLPlaceHolderTextView.h; sourceTree = "<group>"; };
		77ADA8EA20BBAA7200DFF66C /* YLPlaceHolderTextView.m */ = {isa = PBXFileReference; fileEncoding = 4; lastKnownFileType = sourcecode.c.objc; path = YLPlaceHolderTextView.m; sourceTree = "<group>"; };
		77ADA8EC20BBAA7200DFF66C /* YLUI.h */ = {isa = PBXFileReference; fileEncoding = 4; lastKnownFileType = sourcecode.c.h; path = YLUI.h; sourceTree = "<group>"; };
		77ADA8ED20BBAA7200DFF66C /* YLUI.m */ = {isa = PBXFileReference; fileEncoding = 4; lastKnownFileType = sourcecode.c.objc; path = YLUI.m; sourceTree = "<group>"; };
		77BDFA6520C7F35A00F6BA79 /* NSDate+YLUtilities.h */ = {isa = PBXFileReference; fileEncoding = 4; lastKnownFileType = sourcecode.c.h; path = "NSDate+YLUtilities.h"; sourceTree = "<group>"; };
		77BDFA6620C7F35A00F6BA79 /* NSDate+YLUtilities.m */ = {isa = PBXFileReference; fileEncoding = 4; lastKnownFileType = sourcecode.c.objc; path = "NSDate+YLUtilities.m"; sourceTree = "<group>"; };
		77BDFA6820C7F35A00F6BA79 /* NSObject+YLAppInfo.h */ = {isa = PBXFileReference; fileEncoding = 4; lastKnownFileType = sourcecode.c.h; path = "NSObject+YLAppInfo.h"; sourceTree = "<group>"; };
		77BDFA6920C7F35A00F6BA79 /* NSObject+YLAppInfo.m */ = {isa = PBXFileReference; fileEncoding = 4; lastKnownFileType = sourcecode.c.objc; path = "NSObject+YLAppInfo.m"; sourceTree = "<group>"; };
		77BDFA6A20C7F35A00F6BA79 /* NSObject+YLGCD.h */ = {isa = PBXFileReference; fileEncoding = 4; lastKnownFileType = sourcecode.c.h; path = "NSObject+YLGCD.h"; sourceTree = "<group>"; };
		77BDFA6B20C7F35A00F6BA79 /* NSObject+YLGCD.m */ = {isa = PBXFileReference; fileEncoding = 4; lastKnownFileType = sourcecode.c.objc; path = "NSObject+YLGCD.m"; sourceTree = "<group>"; };
		77BDFA6C20C7F35A00F6BA79 /* NSObject+YLKVOBlocks.h */ = {isa = PBXFileReference; fileEncoding = 4; lastKnownFileType = sourcecode.c.h; path = "NSObject+YLKVOBlocks.h"; sourceTree = "<group>"; };
		77BDFA6D20C7F35A00F6BA79 /* NSObject+YLKVOBlocks.m */ = {isa = PBXFileReference; fileEncoding = 4; lastKnownFileType = sourcecode.c.objc; path = "NSObject+YLKVOBlocks.m"; sourceTree = "<group>"; };
		77BDFA6E20C7F35A00F6BA79 /* NSObject+YLReflection.h */ = {isa = PBXFileReference; fileEncoding = 4; lastKnownFileType = sourcecode.c.h; path = "NSObject+YLReflection.h"; sourceTree = "<group>"; };
		77BDFA6F20C7F35A00F6BA79 /* NSObject+YLReflection.m */ = {isa = PBXFileReference; fileEncoding = 4; lastKnownFileType = sourcecode.c.objc; path = "NSObject+YLReflection.m"; sourceTree = "<group>"; };
		77BDFA7020C7F35A00F6BA79 /* NSObject+YLRuntime.h */ = {isa = PBXFileReference; fileEncoding = 4; lastKnownFileType = sourcecode.c.h; path = "NSObject+YLRuntime.h"; sourceTree = "<group>"; };
		77BDFA7120C7F35A00F6BA79 /* NSObject+YLRuntime.m */ = {isa = PBXFileReference; fileEncoding = 4; lastKnownFileType = sourcecode.c.objc; path = "NSObject+YLRuntime.m"; sourceTree = "<group>"; };
		77BDFA7320C7F35A00F6BA79 /* NSString+YLContains.h */ = {isa = PBXFileReference; fileEncoding = 4; lastKnownFileType = sourcecode.c.h; path = "NSString+YLContains.h"; sourceTree = "<group>"; };
		77BDFA7420C7F35A00F6BA79 /* NSString+YLContains.m */ = {isa = PBXFileReference; fileEncoding = 4; lastKnownFileType = sourcecode.c.objc; path = "NSString+YLContains.m"; sourceTree = "<group>"; };
		77BDFA7520C7F35A00F6BA79 /* NSString+YLHash.h */ = {isa = PBXFileReference; fileEncoding = 4; lastKnownFileType = sourcecode.c.h; path = "NSString+YLHash.h"; sourceTree = "<group>"; };
		77BDFA7620C7F35A00F6BA79 /* NSString+YLHash.m */ = {isa = PBXFileReference; fileEncoding = 4; lastKnownFileType = sourcecode.c.objc; path = "NSString+YLHash.m"; sourceTree = "<group>"; };
		77BDFA7720C7F35A00F6BA79 /* NSString+YLSize.h */ = {isa = PBXFileReference; fileEncoding = 4; lastKnownFileType = sourcecode.c.h; path = "NSString+YLSize.h"; sourceTree = "<group>"; };
		77BDFA7820C7F35A00F6BA79 /* NSString+YLSize.m */ = {isa = PBXFileReference; fileEncoding = 4; lastKnownFileType = sourcecode.c.objc; path = "NSString+YLSize.m"; sourceTree = "<group>"; };
		77BDFA7920C7F35A00F6BA79 /* NSString+YLURLCode.h */ = {isa = PBXFileReference; fileEncoding = 4; lastKnownFileType = sourcecode.c.h; path = "NSString+YLURLCode.h"; sourceTree = "<group>"; };
		77BDFA7A20C7F35A00F6BA79 /* NSString+YLURLCode.m */ = {isa = PBXFileReference; fileEncoding = 4; lastKnownFileType = sourcecode.c.objc; path = "NSString+YLURLCode.m"; sourceTree = "<group>"; };
		77BDFA7C20C7F35A00F6BA79 /* NSTimer+YLBlocks.h */ = {isa = PBXFileReference; fileEncoding = 4; lastKnownFileType = sourcecode.c.h; path = "NSTimer+YLBlocks.h"; sourceTree = "<group>"; };
		77BDFA7D20C7F35A00F6BA79 /* NSTimer+YLBlocks.m */ = {isa = PBXFileReference; fileEncoding = 4; lastKnownFileType = sourcecode.c.objc; path = "NSTimer+YLBlocks.m"; sourceTree = "<group>"; };
		77BDFA7E20C7F35A00F6BA79 /* YLFoundation.h */ = {isa = PBXFileReference; fileEncoding = 4; lastKnownFileType = sourcecode.c.h; path = YLFoundation.h; sourceTree = "<group>"; };
		77BDFA8120C7F35A00F6BA79 /* UIApplication+YLSandBoxPath.h */ = {isa = PBXFileReference; fileEncoding = 4; lastKnownFileType = sourcecode.c.h; path = "UIApplication+YLSandBoxPath.h"; sourceTree = "<group>"; };
		77BDFA8220C7F35A00F6BA79 /* UIApplication+YLSandBoxPath.m */ = {isa = PBXFileReference; fileEncoding = 4; lastKnownFileType = sourcecode.c.objc; path = "UIApplication+YLSandBoxPath.m"; sourceTree = "<group>"; };
		77BDFA8420C7F35A00F6BA79 /* UIButton+YLTouchAreaInsets.h */ = {isa = PBXFileReference; fileEncoding = 4; lastKnownFileType = sourcecode.c.h; path = "UIButton+YLTouchAreaInsets.h"; sourceTree = "<group>"; };
		77BDFA8520C7F35A00F6BA79 /* UIButton+YLTouchAreaInsets.m */ = {isa = PBXFileReference; fileEncoding = 4; lastKnownFileType = sourcecode.c.objc; path = "UIButton+YLTouchAreaInsets.m"; sourceTree = "<group>"; };
		77BDFA8720C7F35A00F6BA79 /* UIColor+YLHEX.h */ = {isa = PBXFileReference; fileEncoding = 4; lastKnownFileType = sourcecode.c.h; path = "UIColor+YLHEX.h"; sourceTree = "<group>"; };
		77BDFA8820C7F35A00F6BA79 /* UIColor+YLHEX.m */ = {isa = PBXFileReference; fileEncoding = 4; lastKnownFileType = sourcecode.c.objc; path = "UIColor+YLHEX.m"; sourceTree = "<group>"; };
		77BDFA8A20C7F35A00F6BA79 /* UIControl+YLBlock.h */ = {isa = PBXFileReference; fileEncoding = 4; lastKnownFileType = sourcecode.c.h; path = "UIControl+YLBlock.h"; sourceTree = "<group>"; };
		77BDFA8B20C7F35A00F6BA79 /* UIControl+YLBlock.m */ = {isa = PBXFileReference; fileEncoding = 4; lastKnownFileType = sourcecode.c.objc; path = "UIControl+YLBlock.m"; sourceTree = "<group>"; };
		77BDFA8D20C7F35A00F6BA79 /* UILabel+YLContentInsets.h */ = {isa = PBXFileReference; fileEncoding = 4; lastKnownFileType = sourcecode.c.h; path = "UILabel+YLContentInsets.h"; sourceTree = "<group>"; };
		77BDFA8E20C7F35A00F6BA79 /* UILabel+YLContentInsets.m */ = {isa = PBXFileReference; fileEncoding = 4; lastKnownFileType = sourcecode.c.objc; path = "UILabel+YLContentInsets.m"; sourceTree = "<group>"; };
		77BDFA9020C7F35A00F6BA79 /* UIScrollView+YLAddition.h */ = {isa = PBXFileReference; fileEncoding = 4; lastKnownFileType = sourcecode.c.h; path = "UIScrollView+YLAddition.h"; sourceTree = "<group>"; };
		77BDFA9120C7F35A00F6BA79 /* UIScrollView+YLAddition.m */ = {isa = PBXFileReference; fileEncoding = 4; lastKnownFileType = sourcecode.c.objc; path = "UIScrollView+YLAddition.m"; sourceTree = "<group>"; };
		77BDFA9320C7F35A00F6BA79 /* UITextField+YLInputLimit.h */ = {isa = PBXFileReference; fileEncoding = 4; lastKnownFileType = sourcecode.c.h; path = "UITextField+YLInputLimit.h"; sourceTree = "<group>"; };
		77BDFA9420C7F35A00F6BA79 /* UITextField+YLInputLimit.m */ = {isa = PBXFileReference; fileEncoding = 4; lastKnownFileType = sourcecode.c.objc; path = "UITextField+YLInputLimit.m"; sourceTree = "<group>"; };
		77BDFA9620C7F35A00F6BA79 /* UITextView+YLInputLimit.h */ = {isa = PBXFileReference; fileEncoding = 4; lastKnownFileType = sourcecode.c.h; path = "UITextView+YLInputLimit.h"; sourceTree = "<group>"; };
		77BDFA9720C7F35A00F6BA79 /* UITextView+YLInputLimit.m */ = {isa = PBXFileReference; fileEncoding = 4; lastKnownFileType = sourcecode.c.objc; path = "UITextView+YLInputLimit.m"; sourceTree = "<group>"; };
		77BDFA9920C7F35A00F6BA79 /* UIView+YLBlockGesture.h */ = {isa = PBXFileReference; fileEncoding = 4; lastKnownFileType = sourcecode.c.h; path = "UIView+YLBlockGesture.h"; sourceTree = "<group>"; };
		77BDFA9A20C7F35A00F6BA79 /* UIView+YLBlockGesture.m */ = {isa = PBXFileReference; fileEncoding = 4; lastKnownFileType = sourcecode.c.objc; path = "UIView+YLBlockGesture.m"; sourceTree = "<group>"; };
		77BDFA9B20C7F35A00F6BA79 /* UIView+YLFind.h */ = {isa = PBXFileReference; fileEncoding = 4; lastKnownFileType = sourcecode.c.h; path = "UIView+YLFind.h"; sourceTree = "<group>"; };
		77BDFA9C20C7F35A00F6BA79 /* UIView+YLFind.m */ = {isa = PBXFileReference; fileEncoding = 4; lastKnownFileType = sourcecode.c.objc; path = "UIView+YLFind.m"; sourceTree = "<group>"; };
		77BDFA9D20C7F35A00F6BA79 /* UIView+YLFrame.h */ = {isa = PBXFileReference; fileEncoding = 4; lastKnownFileType = sourcecode.c.h; path = "UIView+YLFrame.h"; sourceTree = "<group>"; };
		77BDFA9E20C7F35A00F6BA79 /* UIView+YLFrame.m */ = {isa = PBXFileReference; fileEncoding = 4; lastKnownFileType = sourcecode.c.objc; path = "UIView+YLFrame.m"; sourceTree = "<group>"; };
		77BDFA9F20C7F35A00F6BA79 /* UIView+YLNIB.h */ = {isa = PBXFileReference; fileEncoding = 4; lastKnownFileType = sourcecode.c.h; path = "UIView+YLNIB.h"; sourceTree = "<group>"; };
		77BDFAA020C7F35A00F6BA79 /* UIView+YLNIB.m */ = {isa = PBXFileReference; fileEncoding = 4; lastKnownFileType = sourcecode.c.objc; path = "UIView+YLNIB.m"; sourceTree = "<group>"; };
		77BDFAA120C7F35A00F6BA79 /* UIView+YLScreenshot.h */ = {isa = PBXFileReference; fileEncoding = 4; lastKnownFileType = sourcecode.c.h; path = "UIView+YLScreenshot.h"; sourceTree = "<group>"; };
		77BDFAA220C7F35A00F6BA79 /* UIView+YLScreenshot.m */ = {isa = PBXFileReference; fileEncoding = 4; lastKnownFileType = sourcecode.c.objc; path = "UIView+YLScreenshot.m"; sourceTree = "<group>"; };
		77BDFAA320C7F35A00F6BA79 /* UIView+YLVisuals.h */ = {isa = PBXFileReference; fileEncoding = 4; lastKnownFileType = sourcecode.c.h; path = "UIView+YLVisuals.h"; sourceTree = "<group>"; };
		77BDFAA420C7F35A00F6BA79 /* UIView+YLVisuals.m */ = {isa = PBXFileReference; fileEncoding = 4; lastKnownFileType = sourcecode.c.objc; path = "UIView+YLVisuals.m"; sourceTree = "<group>"; };
		77BDFAA620C7F35A00F6BA79 /* UIViewController+YLStoreKit.h */ = {isa = PBXFileReference; fileEncoding = 4; lastKnownFileType = sourcecode.c.h; path = "UIViewController+YLStoreKit.h"; sourceTree = "<group>"; };
		77BDFAA720C7F35A00F6BA79 /* UIViewController+YLStoreKit.m */ = {isa = PBXFileReference; fileEncoding = 4; lastKnownFileType = sourcecode.c.objc; path = "UIViewController+YLStoreKit.m"; sourceTree = "<group>"; };
		77BDFAA820C7F35A00F6BA79 /* UIViewController+YLVisible.h */ = {isa = PBXFileReference; fileEncoding = 4; lastKnownFileType = sourcecode.c.h; path = "UIViewController+YLVisible.h"; sourceTree = "<group>"; };
		77BDFAA920C7F35A00F6BA79 /* UIViewController+YLVisible.m */ = {isa = PBXFileReference; fileEncoding = 4; lastKnownFileType = sourcecode.c.objc; path = "UIViewController+YLVisible.m"; sourceTree = "<group>"; };
		77BDFAAB20C7F35A00F6BA79 /* UIWindow+YLHierarchy.h */ = {isa = PBXFileReference; fileEncoding = 4; lastKnownFileType = sourcecode.c.h; path = "UIWindow+YLHierarchy.h"; sourceTree = "<group>"; };
		77BDFAAC20C7F35A00F6BA79 /* UIWindow+YLHierarchy.m */ = {isa = PBXFileReference; fileEncoding = 4; lastKnownFileType = sourcecode.c.objc; path = "UIWindow+YLHierarchy.m"; sourceTree = "<group>"; };
		77BDFAAD20C7F35A00F6BA79 /* YLUIKit.h */ = {isa = PBXFileReference; fileEncoding = 4; lastKnownFileType = sourcecode.c.h; path = YLUIKit.h; sourceTree = "<group>"; };
		77BDFAAE20C7F35A00F6BA79 /* YLCategories.h */ = {isa = PBXFileReference; fileEncoding = 4; lastKnownFileType = sourcecode.c.h; path = YLCategories.h; sourceTree = "<group>"; };
		77E14909202ADC510011D4FD /* OC-YL.app */ = {isa = PBXFileReference; explicitFileType = wrapper.application; includeInIndex = 0; path = "OC-YL.app"; sourceTree = BUILT_PRODUCTS_DIR; };
		77E1490C202ADC510011D4FD /* AppDelegate.h */ = {isa = PBXFileReference; lastKnownFileType = sourcecode.c.h; path = AppDelegate.h; sourceTree = "<group>"; };
		77E1490D202ADC510011D4FD /* AppDelegate.m */ = {isa = PBXFileReference; lastKnownFileType = sourcecode.c.objc; path = AppDelegate.m; sourceTree = "<group>"; };
		77E1490F202ADC510011D4FD /* ViewController.h */ = {isa = PBXFileReference; lastKnownFileType = sourcecode.c.h; path = ViewController.h; sourceTree = "<group>"; };
		77E14910202ADC510011D4FD /* ViewController.m */ = {isa = PBXFileReference; lastKnownFileType = sourcecode.c.objc; path = ViewController.m; sourceTree = "<group>"; };
		77E14913202ADC510011D4FD /* Base */ = {isa = PBXFileReference; lastKnownFileType = file.storyboard; name = Base; path = Base.lproj/Main.storyboard; sourceTree = "<group>"; };
		77E14915202ADC510011D4FD /* Assets.xcassets */ = {isa = PBXFileReference; lastKnownFileType = folder.assetcatalog; path = Assets.xcassets; sourceTree = "<group>"; };
		77E14918202ADC510011D4FD /* Base */ = {isa = PBXFileReference; lastKnownFileType = file.storyboard; name = Base; path = Base.lproj/LaunchScreen.storyboard; sourceTree = "<group>"; };
		77E1491A202ADC510011D4FD /* Info.plist */ = {isa = PBXFileReference; lastKnownFileType = text.plist.xml; path = Info.plist; sourceTree = "<group>"; };
		77E1491B202ADC510011D4FD /* main.m */ = {isa = PBXFileReference; lastKnownFileType = sourcecode.c.objc; path = main.m; sourceTree = "<group>"; };
		77E1497C202B06D70011D4FD /* PrefixHeader.pch */ = {isa = PBXFileReference; lastKnownFileType = sourcecode.c.h; path = PrefixHeader.pch; sourceTree = "<group>"; };
		B5C178AAEB14C33C18CBD17E /* Pods-OC-YL.release.xcconfig */ = {isa = PBXFileReference; includeInIndex = 1; lastKnownFileType = text.xcconfig; name = "Pods-OC-YL.release.xcconfig"; path = "Pods/Target Support Files/Pods-OC-YL/Pods-OC-YL.release.xcconfig"; sourceTree = "<group>"; };
/* End PBXFileReference section */

/* Begin PBXFrameworksBuildPhase section */
		77E14906202ADC510011D4FD /* Frameworks */ = {
			isa = PBXFrameworksBuildPhase;
			buildActionMask = 2147483647;
			files = (
				05C921F424AD79880EAAC953 /* libPods-OC-YL.a in Frameworks */,
			);
			runOnlyForDeploymentPostprocessing = 0;
		};
/* End PBXFrameworksBuildPhase section */

/* Begin PBXGroup section */
		01F7116D20C8561B00342C4C /* YLCustomLayout */ = {
			isa = PBXGroup;
			children = (
				0126FC6920D7F47A00D8364F /* YLCustomLayout.h */,
				0126FC6A20D7F47A00D8364F /* YLCustomLayout.m */,
			);
			path = YLCustomLayout;
			sourceTree = "<group>";
		};
		028FA98A99C1DFA0D514C4CF /* Pods */ = {
			isa = PBXGroup;
			children = (
				23168B0D4A4E80A7C16F6A84 /* Pods-OC-YL.debug.xcconfig */,
				B5C178AAEB14C33C18CBD17E /* Pods-OC-YL.release.xcconfig */,
			);
			name = Pods;
			sourceTree = "<group>";
		};
		777B629420E5D58B0042CD98 /* WebKit */ = {
			isa = PBXGroup;
			children = (
				777B629520E5D59A0042CD98 /* WKWebView */,
			);
			path = WebKit;
			sourceTree = "<group>";
		};
		777B629520E5D59A0042CD98 /* WKWebView */ = {
			isa = PBXGroup;
			children = (
				777B629620E5D60E0042CD98 /* WKWebView+YLLoad.h */,
				777B629720E5D60E0042CD98 /* WKWebView+YLLoad.m */,
			);
			path = WKWebView;
			sourceTree = "<group>";
		};
		77ACD1B020A5D7DC003EFC78 /* ZLCollectionViewFlowLayout */ = {
			isa = PBXGroup;
			children = (
				017A340520B6ED40003DB65B /* UIView+XWAddForRoundedCorner.h */,
				017A340620B6ED40003DB65B /* UIView+XWAddForRoundedCorner.m */,
				77ACD1B120A5D7DC003EFC78 /* ZLCollectionViewFlowLayout.h */,
				77ACD1B220A5D7DC003EFC78 /* ZLCollectionViewFlowLayout.m */,
			);
			path = ZLCollectionViewFlowLayout;
			sourceTree = "<group>";
		};
		77ADA89320BBAA7200DFF66C /* OC-YL */ = {
			isa = PBXGroup;
			children = (
				77ADA8DE20BBAA7200DFF66C /* YLImport.h */,
				77BDFA6220C7F35A00F6BA79 /* YLCategories */,
				77ADA8DF20BBAA7200DFF66C /* YLMacroDefine */,
				77ADA8E120BBAA7200DFF66C /* YLUIKit */,
			);
			path = "OC-YL";
			sourceTree = "<group>";
		};
		77ADA8DF20BBAA7200DFF66C /* YLMacroDefine */ = {
			isa = PBXGroup;
			children = (
				77ADA8E020BBAA7200DFF66C /* YLMacroDefine.h */,
			);
			path = YLMacroDefine;
			sourceTree = "<group>";
		};
		77ADA8E120BBAA7200DFF66C /* YLUIKit */ = {
			isa = PBXGroup;
			children = (
				01F7116D20C8561B00342C4C /* YLCustomLayout */,
				77ADA8E220BBAA7200DFF66C /* YHWaterFlowLayout */,
				77ADA8E520BBAA7200DFF66C /* YLHUDManager */,
				77ADA8E820BBAA7200DFF66C /* YLPlaceHolderTextView */,
				77ADA8EB20BBAA7200DFF66C /* YLUI */,
			);
			path = YLUIKit;
			sourceTree = "<group>";
		};
		77ADA8E220BBAA7200DFF66C /* YHWaterFlowLayout */ = {
			isa = PBXGroup;
			children = (
				77ADA8E320BBAA7200DFF66C /* YHWaterFlowLayout.h */,
				77ADA8E420BBAA7200DFF66C /* YHWaterFlowLayout.m */,
			);
			path = YHWaterFlowLayout;
			sourceTree = "<group>";
		};
		77ADA8E520BBAA7200DFF66C /* YLHUDManager */ = {
			isa = PBXGroup;
			children = (
				77ADA8E620BBAA7200DFF66C /* YLHUDManager.h */,
				77ADA8E720BBAA7200DFF66C /* YLHUDManager.m */,
			);
			path = YLHUDManager;
			sourceTree = "<group>";
		};
		77ADA8E820BBAA7200DFF66C /* YLPlaceHolderTextView */ = {
			isa = PBXGroup;
			children = (
				77ADA8E920BBAA7200DFF66C /* YLPlaceHolderTextView.h */,
				77ADA8EA20BBAA7200DFF66C /* YLPlaceHolderTextView.m */,
			);
			path = YLPlaceHolderTextView;
			sourceTree = "<group>";
		};
		77ADA8EB20BBAA7200DFF66C /* YLUI */ = {
			isa = PBXGroup;
			children = (
				77ADA8EC20BBAA7200DFF66C /* YLUI.h */,
				77ADA8ED20BBAA7200DFF66C /* YLUI.m */,
			);
			path = YLUI;
			sourceTree = "<group>";
		};
		77BDFA6220C7F35A00F6BA79 /* YLCategories */ = {
			isa = PBXGroup;
			children = (
				777B629420E5D58B0042CD98 /* WebKit */,
				77BDFA6320C7F35A00F6BA79 /* Foundation */,
				77BDFA7F20C7F35A00F6BA79 /* UIKit */,
				77BDFAAE20C7F35A00F6BA79 /* YLCategories.h */,
			);
			path = YLCategories;
			sourceTree = "<group>";
		};
		77BDFA6320C7F35A00F6BA79 /* Foundation */ = {
			isa = PBXGroup;
			children = (
				77BDFA6420C7F35A00F6BA79 /* NSDate */,
				77BDFA6720C7F35A00F6BA79 /* NSObject */,
				77BDFA7220C7F35A00F6BA79 /* NSString */,
				77BDFA7B20C7F35A00F6BA79 /* NSTimer */,
				77BDFA7E20C7F35A00F6BA79 /* YLFoundation.h */,
			);
			path = Foundation;
			sourceTree = "<group>";
		};
		77BDFA6420C7F35A00F6BA79 /* NSDate */ = {
			isa = PBXGroup;
			children = (
				77BDFA6520C7F35A00F6BA79 /* NSDate+YLUtilities.h */,
				77BDFA6620C7F35A00F6BA79 /* NSDate+YLUtilities.m */,
			);
			path = NSDate;
			sourceTree = "<group>";
		};
		77BDFA6720C7F35A00F6BA79 /* NSObject */ = {
			isa = PBXGroup;
			children = (
				77BDFA6820C7F35A00F6BA79 /* NSObject+YLAppInfo.h */,
				77BDFA6920C7F35A00F6BA79 /* NSObject+YLAppInfo.m */,
				77BDFA6A20C7F35A00F6BA79 /* NSObject+YLGCD.h */,
				77BDFA6B20C7F35A00F6BA79 /* NSObject+YLGCD.m */,
				77BDFA6C20C7F35A00F6BA79 /* NSObject+YLKVOBlocks.h */,
				77BDFA6D20C7F35A00F6BA79 /* NSObject+YLKVOBlocks.m */,
				77BDFA6E20C7F35A00F6BA79 /* NSObject+YLReflection.h */,
				77BDFA6F20C7F35A00F6BA79 /* NSObject+YLReflection.m */,
				77BDFA7020C7F35A00F6BA79 /* NSObject+YLRuntime.h */,
				77BDFA7120C7F35A00F6BA79 /* NSObject+YLRuntime.m */,
			);
			path = NSObject;
			sourceTree = "<group>";
		};
		77BDFA7220C7F35A00F6BA79 /* NSString */ = {
			isa = PBXGroup;
			children = (
				77BDFA7320C7F35A00F6BA79 /* NSString+YLContains.h */,
				77BDFA7420C7F35A00F6BA79 /* NSString+YLContains.m */,
				77BDFA7520C7F35A00F6BA79 /* NSString+YLHash.h */,
				77BDFA7620C7F35A00F6BA79 /* NSString+YLHash.m */,
				77BDFA7720C7F35A00F6BA79 /* NSString+YLSize.h */,
				77BDFA7820C7F35A00F6BA79 /* NSString+YLSize.m */,
				77BDFA7920C7F35A00F6BA79 /* NSString+YLURLCode.h */,
				77BDFA7A20C7F35A00F6BA79 /* NSString+YLURLCode.m */,
			);
			path = NSString;
			sourceTree = "<group>";
		};
		77BDFA7B20C7F35A00F6BA79 /* NSTimer */ = {
			isa = PBXGroup;
			children = (
				77BDFA7C20C7F35A00F6BA79 /* NSTimer+YLBlocks.h */,
				77BDFA7D20C7F35A00F6BA79 /* NSTimer+YLBlocks.m */,
			);
			path = NSTimer;
			sourceTree = "<group>";
		};
		77BDFA7F20C7F35A00F6BA79 /* UIKit */ = {
			isa = PBXGroup;
			children = (
				77BDFA8020C7F35A00F6BA79 /* UIApplication */,
				77BDFA8320C7F35A00F6BA79 /* UIButton */,
				77BDFA8620C7F35A00F6BA79 /* UIColor */,
				77BDFA8920C7F35A00F6BA79 /* UIControl */,
				77BDFA8C20C7F35A00F6BA79 /* UILabel */,
				77BDFA8F20C7F35A00F6BA79 /* UIScrollView */,
				77BDFA9220C7F35A00F6BA79 /* UITextField */,
				77BDFA9520C7F35A00F6BA79 /* UITextView */,
				77BDFA9820C7F35A00F6BA79 /* UIView */,
				77BDFAA520C7F35A00F6BA79 /* UIViewController */,
				77BDFAAA20C7F35A00F6BA79 /* UIWindow */,
				77BDFAAD20C7F35A00F6BA79 /* YLUIKit.h */,
			);
			path = UIKit;
			sourceTree = "<group>";
		};
		77BDFA8020C7F35A00F6BA79 /* UIApplication */ = {
			isa = PBXGroup;
			children = (
				77BDFA8120C7F35A00F6BA79 /* UIApplication+YLSandBoxPath.h */,
				77BDFA8220C7F35A00F6BA79 /* UIApplication+YLSandBoxPath.m */,
			);
			path = UIApplication;
			sourceTree = "<group>";
		};
		77BDFA8320C7F35A00F6BA79 /* UIButton */ = {
			isa = PBXGroup;
			children = (
				77BDFA8420C7F35A00F6BA79 /* UIButton+YLTouchAreaInsets.h */,
				77BDFA8520C7F35A00F6BA79 /* UIButton+YLTouchAreaInsets.m */,
				777B629920E5FD2F0042CD98 /* UIButton+YLIndicator.h */,
				777B629A20E5FD2F0042CD98 /* UIButton+YLIndicator.m */,
			);
			path = UIButton;
			sourceTree = "<group>";
		};
		77BDFA8620C7F35A00F6BA79 /* UIColor */ = {
			isa = PBXGroup;
			children = (
				77BDFA8720C7F35A00F6BA79 /* UIColor+YLHEX.h */,
				77BDFA8820C7F35A00F6BA79 /* UIColor+YLHEX.m */,
			);
			path = UIColor;
			sourceTree = "<group>";
		};
		77BDFA8920C7F35A00F6BA79 /* UIControl */ = {
			isa = PBXGroup;
			children = (
				77BDFA8A20C7F35A00F6BA79 /* UIControl+YLBlock.h */,
				77BDFA8B20C7F35A00F6BA79 /* UIControl+YLBlock.m */,
			);
			path = UIControl;
			sourceTree = "<group>";
		};
		77BDFA8C20C7F35A00F6BA79 /* UILabel */ = {
			isa = PBXGroup;
			children = (
				77BDFA8D20C7F35A00F6BA79 /* UILabel+YLContentInsets.h */,
				77BDFA8E20C7F35A00F6BA79 /* UILabel+YLContentInsets.m */,
			);
			path = UILabel;
			sourceTree = "<group>";
		};
		77BDFA8F20C7F35A00F6BA79 /* UIScrollView */ = {
			isa = PBXGroup;
			children = (
				77BDFA9020C7F35A00F6BA79 /* UIScrollView+YLAddition.h */,
				77BDFA9120C7F35A00F6BA79 /* UIScrollView+YLAddition.m */,
			);
			path = UIScrollView;
			sourceTree = "<group>";
		};
		77BDFA9220C7F35A00F6BA79 /* UITextField */ = {
			isa = PBXGroup;
			children = (
				77BDFA9320C7F35A00F6BA79 /* UITextField+YLInputLimit.h */,
				77BDFA9420C7F35A00F6BA79 /* UITextField+YLInputLimit.m */,
			);
			path = UITextField;
			sourceTree = "<group>";
		};
		77BDFA9520C7F35A00F6BA79 /* UITextView */ = {
			isa = PBXGroup;
			children = (
				77BDFA9620C7F35A00F6BA79 /* UITextView+YLInputLimit.h */,
				77BDFA9720C7F35A00F6BA79 /* UITextView+YLInputLimit.m */,
			);
			path = UITextView;
			sourceTree = "<group>";
		};
		77BDFA9820C7F35A00F6BA79 /* UIView */ = {
			isa = PBXGroup;
			children = (
				77BDFA9920C7F35A00F6BA79 /* UIView+YLBlockGesture.h */,
				77BDFA9A20C7F35A00F6BA79 /* UIView+YLBlockGesture.m */,
				77BDFA9B20C7F35A00F6BA79 /* UIView+YLFind.h */,
				77BDFA9C20C7F35A00F6BA79 /* UIView+YLFind.m */,
				77BDFA9D20C7F35A00F6BA79 /* UIView+YLFrame.h */,
				77BDFA9E20C7F35A00F6BA79 /* UIView+YLFrame.m */,
				77BDFA9F20C7F35A00F6BA79 /* UIView+YLNIB.h */,
				77BDFAA020C7F35A00F6BA79 /* UIView+YLNIB.m */,
				77BDFAA120C7F35A00F6BA79 /* UIView+YLScreenshot.h */,
				77BDFAA220C7F35A00F6BA79 /* UIView+YLScreenshot.m */,
				77BDFAA320C7F35A00F6BA79 /* UIView+YLVisuals.h */,
				77BDFAA420C7F35A00F6BA79 /* UIView+YLVisuals.m */,
			);
			path = UIView;
			sourceTree = "<group>";
		};
		77BDFAA520C7F35A00F6BA79 /* UIViewController */ = {
			isa = PBXGroup;
			children = (
				77BDFAA620C7F35A00F6BA79 /* UIViewController+YLStoreKit.h */,
				77BDFAA720C7F35A00F6BA79 /* UIViewController+YLStoreKit.m */,
				77BDFAA820C7F35A00F6BA79 /* UIViewController+YLVisible.h */,
				77BDFAA920C7F35A00F6BA79 /* UIViewController+YLVisible.m */,
			);
			path = UIViewController;
			sourceTree = "<group>";
		};
		77BDFAAA20C7F35A00F6BA79 /* UIWindow */ = {
			isa = PBXGroup;
			children = (
				77BDFAAB20C7F35A00F6BA79 /* UIWindow+YLHierarchy.h */,
				77BDFAAC20C7F35A00F6BA79 /* UIWindow+YLHierarchy.m */,
			);
			path = UIWindow;
			sourceTree = "<group>";
		};
		77E14900202ADC510011D4FD = {
			isa = PBXGroup;
			children = (
				77E1490B202ADC510011D4FD /* OC-YL */,
				77E1490A202ADC510011D4FD /* Products */,
				028FA98A99C1DFA0D514C4CF /* Pods */,
				8A3470D710603F89ACC2226E /* Frameworks */,
			);
			sourceTree = "<group>";
		};
		77E1490A202ADC510011D4FD /* Products */ = {
			isa = PBXGroup;
			children = (
				77E14909202ADC510011D4FD /* OC-YL.app */,
			);
			name = Products;
			sourceTree = "<group>";
		};
		77E1490B202ADC510011D4FD /* OC-YL */ = {
			isa = PBXGroup;
			children = (
				77ADA89320BBAA7200DFF66C /* OC-YL */,
				77ACD1B020A5D7DC003EFC78 /* ZLCollectionViewFlowLayout */,
				77E1490C202ADC510011D4FD /* AppDelegate.h */,
				77E1490D202ADC510011D4FD /* AppDelegate.m */,
				77E1490F202ADC510011D4FD /* ViewController.h */,
				77E14910202ADC510011D4FD /* ViewController.m */,
				777B628E20E5D0930042CD98 /* YLViewController.h */,
				777B628F20E5D0930042CD98 /* YLViewController.m */,
				77E14912202ADC510011D4FD /* Main.storyboard */,
				77E14915202ADC510011D4FD /* Assets.xcassets */,
				77E14917202ADC510011D4FD /* LaunchScreen.storyboard */,
				77E1491A202ADC510011D4FD /* Info.plist */,
				77E1491B202ADC510011D4FD /* main.m */,
				77E1497C202B06D70011D4FD /* PrefixHeader.pch */,
			);
			path = "OC-YL";
			sourceTree = "<group>";
		};
		8A3470D710603F89ACC2226E /* Frameworks */ = {
			isa = PBXGroup;
			children = (
				520BE226D338F62B0EDF286D /* libPods-OC-YL.a */,
			);
			name = Frameworks;
			sourceTree = "<group>";
		};
/* End PBXGroup section */

/* Begin PBXNativeTarget section */
		77E14908202ADC510011D4FD /* OC-YL */ = {
			isa = PBXNativeTarget;
			buildConfigurationList = 77E1491F202ADC510011D4FD /* Build configuration list for PBXNativeTarget "OC-YL" */;
			buildPhases = (
				CADE2AB940B4A541479D9177 /* [CP] Check Pods Manifest.lock */,
				77E14905202ADC510011D4FD /* Sources */,
				77E14906202ADC510011D4FD /* Frameworks */,
				77E14907202ADC510011D4FD /* Resources */,
				AB7AC574AC191A7D24864924 /* [CP] Copy Pods Resources */,
			);
			buildRules = (
			);
			dependencies = (
			);
			name = "OC-YL";
			productName = "OC-YL";
			productReference = 77E14909202ADC510011D4FD /* OC-YL.app */;
			productType = "com.apple.product-type.application";
		};
/* End PBXNativeTarget section */

/* Begin PBXProject section */
		77E14901202ADC510011D4FD /* Project object */ = {
			isa = PBXProject;
			attributes = {
				CLASSPREFIX = YL;
				LastUpgradeCheck = 0930;
				ORGANIZATIONNAME = melon;
				TargetAttributes = {
					77E14908202ADC510011D4FD = {
						CreatedOnToolsVersion = 9.2;
						ProvisioningStyle = Automatic;
					};
				};
			};
			buildConfigurationList = 77E14904202ADC510011D4FD /* Build configuration list for PBXProject "OC-YL" */;
			compatibilityVersion = "Xcode 8.0";
			developmentRegion = en;
			hasScannedForEncodings = 0;
			knownRegions = (
				en,
				Base,
			);
			mainGroup = 77E14900202ADC510011D4FD;
			productRefGroup = 77E1490A202ADC510011D4FD /* Products */;
			projectDirPath = "";
			projectRoot = "";
			targets = (
				77E14908202ADC510011D4FD /* OC-YL */,
			);
		};
/* End PBXProject section */

/* Begin PBXResourcesBuildPhase section */
		77E14907202ADC510011D4FD /* Resources */ = {
			isa = PBXResourcesBuildPhase;
			buildActionMask = 2147483647;
			files = (
				77E14919202ADC510011D4FD /* LaunchScreen.storyboard in Resources */,
				77E14916202ADC510011D4FD /* Assets.xcassets in Resources */,
				77E14914202ADC510011D4FD /* Main.storyboard in Resources */,
			);
			runOnlyForDeploymentPostprocessing = 0;
		};
/* End PBXResourcesBuildPhase section */

/* Begin PBXShellScriptBuildPhase section */
		AB7AC574AC191A7D24864924 /* [CP] Copy Pods Resources */ = {
			isa = PBXShellScriptBuildPhase;
			buildActionMask = 2147483647;
			files = (
			);
			inputPaths = (
				"${SRCROOT}/Pods/Target Support Files/Pods-OC-YL/Pods-OC-YL-resources.sh",
				"${PODS_ROOT}/CLImageEditor/CLImageEditor/CLImageEditor.bundle",
				"${PODS_ROOT}/CYTabBar/CYTabBar/CYTabBar.bundle",
				"${PODS_ROOT}/IQKeyboardManager/IQKeyboardManager/Resources/IQKeyboardManager.bundle",
				"${PODS_ROOT}/MJRefresh/MJRefresh/MJRefresh.bundle",
				"${PODS_ROOT}/QIYU_iOS_SDK/SDK/QYResource.bundle",
			);
			name = "[CP] Copy Pods Resources";
			outputPaths = (
				"${TARGET_BUILD_DIR}/${UNLOCALIZED_RESOURCES_FOLDER_PATH}/CLImageEditor.bundle",
				"${TARGET_BUILD_DIR}/${UNLOCALIZED_RESOURCES_FOLDER_PATH}/CYTabBar.bundle",
				"${TARGET_BUILD_DIR}/${UNLOCALIZED_RESOURCES_FOLDER_PATH}/IQKeyboardManager.bundle",
				"${TARGET_BUILD_DIR}/${UNLOCALIZED_RESOURCES_FOLDER_PATH}/MJRefresh.bundle",
				"${TARGET_BUILD_DIR}/${UNLOCALIZED_RESOURCES_FOLDER_PATH}/QYResource.bundle",
			);
			runOnlyForDeploymentPostprocessing = 0;
			shellPath = /bin/sh;
			shellScript = "\"${SRCROOT}/Pods/Target Support Files/Pods-OC-YL/Pods-OC-YL-resources.sh\"\n";
			showEnvVarsInLog = 0;
		};
		CADE2AB940B4A541479D9177 /* [CP] Check Pods Manifest.lock */ = {
			isa = PBXShellScriptBuildPhase;
			buildActionMask = 2147483647;
			files = (
			);
			inputPaths = (
				"${PODS_PODFILE_DIR_PATH}/Podfile.lock",
				"${PODS_ROOT}/Manifest.lock",
			);
			name = "[CP] Check Pods Manifest.lock";
			outputPaths = (
				"$(DERIVED_FILE_DIR)/Pods-OC-YL-checkManifestLockResult.txt",
			);
			runOnlyForDeploymentPostprocessing = 0;
			shellPath = /bin/sh;
			shellScript = "diff \"${PODS_PODFILE_DIR_PATH}/Podfile.lock\" \"${PODS_ROOT}/Manifest.lock\" > /dev/null\nif [ $? != 0 ] ; then\n    # print error to STDERR\n    echo \"error: The sandbox is not in sync with the Podfile.lock. Run 'pod install' or update your CocoaPods installation.\" >&2\n    exit 1\nfi\n# This output is used by Xcode 'outputs' to avoid re-running this script phase.\necho \"SUCCESS\" > \"${SCRIPT_OUTPUT_FILE_0}\"\n";
			showEnvVarsInLog = 0;
		};
/* End PBXShellScriptBuildPhase section */

/* Begin PBXSourcesBuildPhase section */
		77E14905202ADC510011D4FD /* Sources */ = {
			isa = PBXSourcesBuildPhase;
			buildActionMask = 2147483647;
			files = (
				77E14911202ADC510011D4FD /* ViewController.m in Sources */,
				777B629020E5D0930042CD98 /* YLViewController.m in Sources */,
				77ADA90C20BBAA7200DFF66C /* YLPlaceHolderTextView.m in Sources */,
				77ADA90A20BBAA7200DFF66C /* YHWaterFlowLayout.m in Sources */,
				77BDFAB720C7F35A00F6BA79 /* NSString+YLSize.m in Sources */,
				77BDFAC320C7F35A00F6BA79 /* UIView+YLFind.m in Sources */,
				77BDFAB420C7F35A00F6BA79 /* NSObject+YLRuntime.m in Sources */,
				77BDFAB920C7F35A00F6BA79 /* NSTimer+YLBlocks.m in Sources */,
				777B629820E5D60E0042CD98 /* WKWebView+YLLoad.m in Sources */,
				77BDFACA20C7F35A00F6BA79 /* UIWindow+YLHierarchy.m in Sources */,
				017A340720B6ED40003DB65B /* UIView+XWAddForRoundedCorner.m in Sources */,
				77BDFABE20C7F35A00F6BA79 /* UILabel+YLContentInsets.m in Sources */,
				77BDFABB20C7F35A00F6BA79 /* UIButton+YLTouchAreaInsets.m in Sources */,
				77BDFAC920C7F35A00F6BA79 /* UIViewController+YLVisible.m in Sources */,
				77BDFAC120C7F35A00F6BA79 /* UITextView+YLInputLimit.m in Sources */,
				77BDFAC520C7F35A00F6BA79 /* UIView+YLNIB.m in Sources */,
				77BDFABD20C7F35A00F6BA79 /* UIControl+YLBlock.m in Sources */,
				77BDFAAF20C7F35A00F6BA79 /* NSDate+YLUtilities.m in Sources */,
				77BDFAB320C7F35A00F6BA79 /* NSObject+YLReflection.m in Sources */,
				77BDFAB520C7F35A00F6BA79 /* NSString+YLContains.m in Sources */,
				77BDFAB220C7F35A00F6BA79 /* NSObject+YLKVOBlocks.m in Sources */,
				77BDFAC220C7F35A00F6BA79 /* UIView+YLBlockGesture.m in Sources */,
				77E1491C202ADC510011D4FD /* main.m in Sources */,
				77E1490E202ADC510011D4FD /* AppDelegate.m in Sources */,
				77BDFAC820C7F35A00F6BA79 /* UIViewController+YLStoreKit.m in Sources */,
				777B629B20E5FD2F0042CD98 /* UIButton+YLIndicator.m in Sources */,
				77BDFAB020C7F35A00F6BA79 /* NSObject+YLAppInfo.m in Sources */,
				77ADA90D20BBAA7200DFF66C /* YLUI.m in Sources */,
				77BDFAC420C7F35A00F6BA79 /* UIView+YLFrame.m in Sources */,
				77BDFAC720C7F35A00F6BA79 /* UIView+YLVisuals.m in Sources */,
				77BDFABC20C7F35A00F6BA79 /* UIColor+YLHEX.m in Sources */,
				77BDFAB120C7F35A00F6BA79 /* NSObject+YLGCD.m in Sources */,
				0126FC6B20D7F47A00D8364F /* YLCustomLayout.m in Sources */,
				77BDFAC620C7F35A00F6BA79 /* UIView+YLScreenshot.m in Sources */,
				77BDFABA20C7F35A00F6BA79 /* UIApplication+YLSandBoxPath.m in Sources */,
				77ACD1B320A5D7DC003EFC78 /* ZLCollectionViewFlowLayout.m in Sources */,
				77BDFAC020C7F35A00F6BA79 /* UITextField+YLInputLimit.m in Sources */,
				77BDFABF20C7F35A00F6BA79 /* UIScrollView+YLAddition.m in Sources */,
				77ADA90B20BBAA7200DFF66C /* YLHUDManager.m in Sources */,
				77BDFAB620C7F35A00F6BA79 /* NSString+YLHash.m in Sources */,
				77BDFAB820C7F35A00F6BA79 /* NSString+YLURLCode.m in Sources */,
			);
			runOnlyForDeploymentPostprocessing = 0;
		};
/* End PBXSourcesBuildPhase section */

/* Begin PBXVariantGroup section */
		77E14912202ADC510011D4FD /* Main.storyboard */ = {
			isa = PBXVariantGroup;
			children = (
				77E14913202ADC510011D4FD /* Base */,
			);
			name = Main.storyboard;
			sourceTree = "<group>";
		};
		77E14917202ADC510011D4FD /* LaunchScreen.storyboard */ = {
			isa = PBXVariantGroup;
			children = (
				77E14918202ADC510011D4FD /* Base */,
			);
			name = LaunchScreen.storyboard;
			sourceTree = "<group>";
		};
/* End PBXVariantGroup section */

/* Begin XCBuildConfiguration section */
		77E1491D202ADC510011D4FD /* Debug */ = {
			isa = XCBuildConfiguration;
			buildSettings = {
				ALWAYS_SEARCH_USER_PATHS = NO;
				CLANG_ANALYZER_NONNULL = YES;
				CLANG_ANALYZER_NUMBER_OBJECT_CONVERSION = YES_AGGRESSIVE;
				CLANG_CXX_LANGUAGE_STANDARD = "gnu++14";
				CLANG_CXX_LIBRARY = "libc++";
				CLANG_ENABLE_MODULES = YES;
				CLANG_ENABLE_OBJC_ARC = YES;
				CLANG_WARN_BLOCK_CAPTURE_AUTORELEASING = YES;
				CLANG_WARN_BOOL_CONVERSION = YES;
				CLANG_WARN_COMMA = YES;
				CLANG_WARN_CONSTANT_CONVERSION = YES;
				CLANG_WARN_DEPRECATED_OBJC_IMPLEMENTATIONS = YES;
				CLANG_WARN_DIRECT_OBJC_ISA_USAGE = YES_ERROR;
				CLANG_WARN_DOCUMENTATION_COMMENTS = YES;
				CLANG_WARN_EMPTY_BODY = YES;
				CLANG_WARN_ENUM_CONVERSION = YES;
				CLANG_WARN_INFINITE_RECURSION = YES;
				CLANG_WARN_INT_CONVERSION = YES;
				CLANG_WARN_NON_LITERAL_NULL_CONVERSION = YES;
				CLANG_WARN_OBJC_IMPLICIT_RETAIN_SELF = YES;
				CLANG_WARN_OBJC_LITERAL_CONVERSION = YES;
				CLANG_WARN_OBJC_ROOT_CLASS = YES_ERROR;
				CLANG_WARN_RANGE_LOOP_ANALYSIS = YES;
				CLANG_WARN_STRICT_PROTOTYPES = YES;
				CLANG_WARN_SUSPICIOUS_MOVE = YES;
				CLANG_WARN_UNGUARDED_AVAILABILITY = YES_AGGRESSIVE;
				CLANG_WARN_UNREACHABLE_CODE = YES;
				CLANG_WARN__DUPLICATE_METHOD_MATCH = YES;
				CODE_SIGN_IDENTITY = "iPhone Developer";
				COPY_PHASE_STRIP = NO;
				DEBUG_INFORMATION_FORMAT = dwarf;
				ENABLE_STRICT_OBJC_MSGSEND = YES;
				ENABLE_TESTABILITY = YES;
				GCC_C_LANGUAGE_STANDARD = gnu11;
				GCC_DYNAMIC_NO_PIC = NO;
				GCC_NO_COMMON_BLOCKS = YES;
				GCC_OPTIMIZATION_LEVEL = 0;
				GCC_PREPROCESSOR_DEFINITIONS = (
					"DEBUG=1",
					"$(inherited)",
				);
				GCC_WARN_64_TO_32_BIT_CONVERSION = YES;
				GCC_WARN_ABOUT_RETURN_TYPE = YES_ERROR;
				GCC_WARN_UNDECLARED_SELECTOR = YES;
				GCC_WARN_UNINITIALIZED_AUTOS = YES_AGGRESSIVE;
				GCC_WARN_UNUSED_FUNCTION = YES;
				GCC_WARN_UNUSED_VARIABLE = YES;
				IPHONEOS_DEPLOYMENT_TARGET = 11.2;
				MTL_ENABLE_DEBUG_INFO = YES;
				ONLY_ACTIVE_ARCH = YES;
				SDKROOT = iphoneos;
			};
			name = Debug;
		};
		77E1491E202ADC510011D4FD /* Release */ = {
			isa = XCBuildConfiguration;
			buildSettings = {
				ALWAYS_SEARCH_USER_PATHS = NO;
				CLANG_ANALYZER_NONNULL = YES;
				CLANG_ANALYZER_NUMBER_OBJECT_CONVERSION = YES_AGGRESSIVE;
				CLANG_CXX_LANGUAGE_STANDARD = "gnu++14";
				CLANG_CXX_LIBRARY = "libc++";
				CLANG_ENABLE_MODULES = YES;
				CLANG_ENABLE_OBJC_ARC = YES;
				CLANG_WARN_BLOCK_CAPTURE_AUTORELEASING = YES;
				CLANG_WARN_BOOL_CONVERSION = YES;
				CLANG_WARN_COMMA = YES;
				CLANG_WARN_CONSTANT_CONVERSION = YES;
				CLANG_WARN_DEPRECATED_OBJC_IMPLEMENTATIONS = YES;
				CLANG_WARN_DIRECT_OBJC_ISA_USAGE = YES_ERROR;
				CLANG_WARN_DOCUMENTATION_COMMENTS = YES;
				CLANG_WARN_EMPTY_BODY = YES;
				CLANG_WARN_ENUM_CONVERSION = YES;
				CLANG_WARN_INFINITE_RECURSION = YES;
				CLANG_WARN_INT_CONVERSION = YES;
				CLANG_WARN_NON_LITERAL_NULL_CONVERSION = YES;
				CLANG_WARN_OBJC_IMPLICIT_RETAIN_SELF = YES;
				CLANG_WARN_OBJC_LITERAL_CONVERSION = YES;
				CLANG_WARN_OBJC_ROOT_CLASS = YES_ERROR;
				CLANG_WARN_RANGE_LOOP_ANALYSIS = YES;
				CLANG_WARN_STRICT_PROTOTYPES = YES;
				CLANG_WARN_SUSPICIOUS_MOVE = YES;
				CLANG_WARN_UNGUARDED_AVAILABILITY = YES_AGGRESSIVE;
				CLANG_WARN_UNREACHABLE_CODE = YES;
				CLANG_WARN__DUPLICATE_METHOD_MATCH = YES;
				CODE_SIGN_IDENTITY = "iPhone Developer";
				COPY_PHASE_STRIP = NO;
				DEBUG_INFORMATION_FORMAT = "dwarf-with-dsym";
				ENABLE_NS_ASSERTIONS = NO;
				ENABLE_STRICT_OBJC_MSGSEND = YES;
				GCC_C_LANGUAGE_STANDARD = gnu11;
				GCC_NO_COMMON_BLOCKS = YES;
				GCC_WARN_64_TO_32_BIT_CONVERSION = YES;
				GCC_WARN_ABOUT_RETURN_TYPE = YES_ERROR;
				GCC_WARN_UNDECLARED_SELECTOR = YES;
				GCC_WARN_UNINITIALIZED_AUTOS = YES_AGGRESSIVE;
				GCC_WARN_UNUSED_FUNCTION = YES;
				GCC_WARN_UNUSED_VARIABLE = YES;
				IPHONEOS_DEPLOYMENT_TARGET = 11.2;
				MTL_ENABLE_DEBUG_INFO = NO;
				SDKROOT = iphoneos;
				VALIDATE_PRODUCT = YES;
			};
			name = Release;
		};
		77E14920202ADC510011D4FD /* Debug */ = {
			isa = XCBuildConfiguration;
			baseConfigurationReference = 23168B0D4A4E80A7C16F6A84 /* Pods-OC-YL.debug.xcconfig */;
			buildSettings = {
				ASSETCATALOG_COMPILER_APPICON_NAME = AppIcon;
				CODE_SIGN_STYLE = Automatic;
				DEVELOPMENT_TEAM = Y4CQMPSC2J;
				GCC_PREFIX_HEADER = "OC-YL/PrefixHeader.pch";
				INFOPLIST_FILE = "OC-YL/Info.plist";
				IPHONEOS_DEPLOYMENT_TARGET = 9.0;
				LD_RUNPATH_SEARCH_PATHS = "$(inherited) @executable_path/Frameworks";
				PRODUCT_BUNDLE_IDENTIFIER = "melon.OC-YL";
				PRODUCT_NAME = "$(TARGET_NAME)";
				TARGETED_DEVICE_FAMILY = "1,2";
			};
			name = Debug;
		};
		77E14921202ADC510011D4FD /* Release */ = {
			isa = XCBuildConfiguration;
			baseConfigurationReference = B5C178AAEB14C33C18CBD17E /* Pods-OC-YL.release.xcconfig */;
			buildSettings = {
				ASSETCATALOG_COMPILER_APPICON_NAME = AppIcon;
				CODE_SIGN_STYLE = Automatic;
				DEVELOPMENT_TEAM = Y4CQMPSC2J;
				GCC_PREFIX_HEADER = "OC-YL/PrefixHeader.pch";
				INFOPLIST_FILE = "OC-YL/Info.plist";
				IPHONEOS_DEPLOYMENT_TARGET = 9.0;
				LD_RUNPATH_SEARCH_PATHS = "$(inherited) @executable_path/Frameworks";
				PRODUCT_BUNDLE_IDENTIFIER = "melon.OC-YL";
				PRODUCT_NAME = "$(TARGET_NAME)";
				TARGETED_DEVICE_FAMILY = "1,2";
			};
			name = Release;
		};
/* End XCBuildConfiguration section */

/* Begin XCConfigurationList section */
		77E14904202ADC510011D4FD /* Build configuration list for PBXProject "OC-YL" */ = {
			isa = XCConfigurationList;
			buildConfigurations = (
				77E1491D202ADC510011D4FD /* Debug */,
				77E1491E202ADC510011D4FD /* Release */,
			);
			defaultConfigurationIsVisible = 0;
			defaultConfigurationName = Release;
		};
		77E1491F202ADC510011D4FD /* Build configuration list for PBXNativeTarget "OC-YL" */ = {
			isa = XCConfigurationList;
			buildConfigurations = (
				77E14920202ADC510011D4FD /* Debug */,
				77E14921202ADC510011D4FD /* Release */,
			);
			defaultConfigurationIsVisible = 0;
			defaultConfigurationName = Release;
		};
/* End XCConfigurationList section */
	};
	rootObject = 77E14901202ADC510011D4FD /* Project object */;
}
